<?xml version="1.0" encoding="UTF-8"?>
<CodeBlocks_project_file>
	<FileVersion major="1" minor="6"/>
	<Project>
		<Option title="algorithm1"/>
		<Option makefile_is_custom="1"/>
		<Option compiler="gcc"/>
		<Option virtualFolders="CMake Files\;"/>
		<Build>
			<Target title="all">
				<Option working_dir="/Users/Tommy/Desktop/studyInMassey/basic-study/algorithm-study/al-1"/>
				<Option type="4"/>
				<MakeCommands>
					<Build command="/Library/Developer/CommandLineTools/usr/bin/make -j8 -f &quot;/Users/Tommy/Desktop/studyInMassey/basic-study/algorithm-study/al-1/Makefile&quot;  VERBOSE=1 all"/>
					<CompileFile command="/Library/Developer/CommandLineTools/usr/bin/make -j8 -f &quot;/Users/Tommy/Desktop/studyInMassey/basic-study/algorithm-study/al-1/Makefile&quot;  VERBOSE=1 &quot;$file&quot;"/>
					<Clean command="/Library/Developer/CommandLineTools/usr/bin/make -j8 -f &quot;/Users/Tommy/Desktop/studyInMassey/basic-study/algorithm-study/al-1/Makefile&quot;  VERBOSE=1 clean"/>
					<DistClean command="/Library/Developer/CommandLineTools/usr/bin/make -j8 -f &quot;/Users/Tommy/Desktop/studyInMassey/basic-study/algorithm-study/al-1/Makefile&quot;  VERBOSE=1 clean"/>
				</MakeCommands>
			</Target>
			<Target title="rebuild_cache">
				<Option working_dir="/Users/Tommy/Desktop/studyInMassey/basic-study/algorithm-study/al-1"/>
				<Option type="4"/>
				<MakeCommands>
					<Build command="/Library/Developer/CommandLineTools/usr/bin/make -j8 -f &quot;/Users/Tommy/Desktop/studyInMassey/basic-study/algorithm-study/al-1/Makefile&quot;  VERBOSE=1 rebuild_cache"/>
					<CompileFile command="/Library/Developer/CommandLineTools/usr/bin/make -j8 -f &quot;/Users/Tommy/Desktop/studyInMassey/basic-study/algorithm-study/al-1/Makefile&quot;  VERBOSE=1 &quot;$file&quot;"/>
					<Clean command="/Library/Developer/CommandLineTools/usr/bin/make -j8 -f &quot;/Users/Tommy/Desktop/studyInMassey/basic-study/algorithm-study/al-1/Makefile&quot;  VERBOSE=1 clean"/>
					<DistClean command="/Library/Developer/CommandLineTools/usr/bin/make -j8 -f &quot;/Users/Tommy/Desktop/studyInMassey/basic-study/algorithm-study/al-1/Makefile&quot;  VERBOSE=1 clean"/>
				</MakeCommands>
			</Target>
			<Target title="edit_cache">
				<Option working_dir="/Users/Tommy/Desktop/studyInMassey/basic-study/algorithm-study/al-1"/>
				<Option type="4"/>
				<MakeCommands>
					<Build command="/Library/Developer/CommandLineTools/usr/bin/make -j8 -f &quot;/Users/Tommy/Desktop/studyInMassey/basic-study/algorithm-study/al-1/Makefile&quot;  VERBOSE=1 edit_cache"/>
					<CompileFile command="/Library/Developer/CommandLineTools/usr/bin/make -j8 -f &quot;/Users/Tommy/Desktop/studyInMassey/basic-study/algorithm-study/al-1/Makefile&quot;  VERBOSE=1 &quot;$file&quot;"/>
					<Clean command="/Library/Developer/CommandLineTools/usr/bin/make -j8 -f &quot;/Users/Tommy/Desktop/studyInMassey/basic-study/algorithm-study/al-1/Makefile&quot;  VERBOSE=1 clean"/>
					<DistClean command="/Library/Developer/CommandLineTools/usr/bin/make -j8 -f &quot;/Users/Tommy/Desktop/studyInMassey/basic-study/algorithm-study/al-1/Makefile&quot;  VERBOSE=1 clean"/>
				</MakeCommands>
			</Target>
			<Target title="algorithm1">
				<Option output="/Users/Tommy/Desktop/studyInMassey/basic-study/algorithm-study/al-1/algorithm1" prefix_auto="0" extension_auto="0"/>
				<Option working_dir="/Users/Tommy/Desktop/studyInMassey/basic-study/algorithm-study/al-1"/>
				<Option object_output="./"/>
				<Option type="1"/>
				<Option compiler="gcc"/>
				<Compiler>
					<Add directory="/Users/Tommy/Desktop/studyInMassey/basic-study/algorithm-study/al-1/include"/>
					<Add directory="/Library/Developer/CommandLineTools/usr/bin/../include/c++/v1"/>
					<Add directory="/usr/local/include"/>
					<Add directory="/Library/Developer/CommandLineTools/usr/lib/clang/11.0.0/include"/>
					<Add directory="/Library/Developer/CommandLineTools/usr/include"/>
					<Add directory="/System/Library/Frameworks"/>
					<Add directory="/Library/Frameworks"/>
				</Compiler>
				<MakeCommands>
					<Build command="/Library/Developer/CommandLineTools/usr/bin/make -j8 -f &quot;/Users/Tommy/Desktop/studyInMassey/basic-study/algorithm-study/al-1/Makefile&quot;  VERBOSE=1 algorithm1"/>
					<CompileFile command="/Library/Developer/CommandLineTools/usr/bin/make -j8 -f &quot;/Users/Tommy/Desktop/studyInMassey/basic-study/algorithm-study/al-1/Makefile&quot;  VERBOSE=1 &quot;$file&quot;"/>
					<Clean command="/Library/Developer/CommandLineTools/usr/bin/make -j8 -f &quot;/Users/Tommy/Desktop/studyInMassey/basic-study/algorithm-study/al-1/Makefile&quot;  VERBOSE=1 clean"/>
					<DistClean command="/Library/Developer/CommandLineTools/usr/bin/make -j8 -f &quot;/Users/Tommy/Desktop/studyInMassey/basic-study/algorithm-study/al-1/Makefile&quot;  VERBOSE=1 clean"/>
				</MakeCommands>
			</Target>
			<Target title="algorithm1/fast">
				<Option output="/Users/Tommy/Desktop/studyInMassey/basic-study/algorithm-study/al-1/algorithm1" prefix_auto="0" extension_auto="0"/>
				<Option working_dir="/Users/Tommy/Desktop/studyInMassey/basic-study/algorithm-study/al-1"/>
				<Option object_output="./"/>
				<Option type="1"/>
				<Option compiler="gcc"/>
				<Compiler>
					<Add directory="/Users/Tommy/Desktop/studyInMassey/basic-study/algorithm-study/al-1/include"/>
					<Add directory="/Library/Developer/CommandLineTools/usr/bin/../include/c++/v1"/>
					<Add directory="/usr/local/include"/>
					<Add directory="/Library/Developer/CommandLineTools/usr/lib/clang/11.0.0/include"/>
					<Add directory="/Library/Developer/CommandLineTools/usr/include"/>
					<Add directory="/System/Library/Frameworks"/>
					<Add directory="/Library/Frameworks"/>
				</Compiler>
				<MakeCommands>
					<Build command="/Library/Developer/CommandLineTools/usr/bin/make -j8 -f &quot;/Users/Tommy/Desktop/studyInMassey/basic-study/algorithm-study/al-1/Makefile&quot;  VERBOSE=1 algorithm1/fast"/>
					<CompileFile command="/Library/Developer/CommandLineTools/usr/bin/make -j8 -f &quot;/Users/Tommy/Desktop/studyInMassey/basic-study/algorithm-study/al-1/Makefile&quot;  VERBOSE=1 &quot;$file&quot;"/>
					<Clean command="/Library/Developer/CommandLineTools/usr/bin/make -j8 -f &quot;/Users/Tommy/Desktop/studyInMassey/basic-study/algorithm-study/al-1/Makefile&quot;  VERBOSE=1 clean"/>
					<DistClean command="/Library/Developer/CommandLineTools/usr/bin/make -j8 -f &quot;/Users/Tommy/Desktop/studyInMassey/basic-study/algorithm-study/al-1/Makefile&quot;  VERBOSE=1 clean"/>
				</MakeCommands>
			</Target>
		</Build>
		<Unit filename="/Users/Tommy/Desktop/studyInMassey/basic-study/algorithm-study/al-1/include/MyStack.h">
			<Option target="algorithm1"/>
		</Unit>
		<Unit filename="/Users/Tommy/Desktop/studyInMassey/basic-study/algorithm-study/al-1/include/MyTree.h">
			<Option target="algorithm1"/>
		</Unit>
		<Unit filename="/Users/Tommy/Desktop/studyInMassey/basic-study/algorithm-study/al-1/src/main.cpp">
			<Option target="algorithm1"/>
		</Unit>
		<Unit filename="/Users/Tommy/Desktop/studyInMassey/basic-study/algorithm-study/al-1/CMakeLists.txt">
			<Option virtualFolder="CMake Files\"/>
		</Unit>
	</Project>
</CodeBlocks_project_file>
